
Microsoft Visual Studio Solution File, Format Version 12.00
# Visual Studio Version 16
VisualStudioVersion = 16.0.28621.142
MinimumVisualStudioVersion = 10.0.40219.1
Project("{2150E333-8FDC-42A3-9474-1A3956D46DE8}") = "src", "src", "{9758B246-8476-42A6-A1B0-93EFF999D508}"
EndProject
Project("{2150E333-8FDC-42A3-9474-1A3956D46DE8}") = "test", "test", "{E6EC28DB-98FD-4A39-9E9D-DBF4790612C6}"
EndProject
Project("{9A19103F-16F7-4668-BE54-9A1E7A4F7556}") = "Nethium.Consul", "src\Nethium.Consul\src\Nethium.Consul.csproj", "{F02BEC12-5E1B-4C75-BA0B-59032CA131CC}"
EndProject
Project("{9A19103F-16F7-4668-BE54-9A1E7A4F7556}") = "Nethium.Consul.Test", "src\Nethium.Consul\test\Nethium.Consul.Test.csproj", "{667C61E7-99CA-4D07-8AF9-FCFA8B0D6DEC}"
EndProject
Project("{9A19103F-16F7-4668-BE54-9A1E7A4F7556}") = "Nethium.ServiceDiscovery", "src\Nethium.ServiceDiscovery\src\Nethium.ServiceDiscovery.csproj", "{52CC618C-D5BE-4ED3-8E15-0FB8289E67C4}"
EndProject
Project("{9A19103F-16F7-4668-BE54-9A1E7A4F7556}") = "Nethium.DependencyInjection", "src\Nethium.DependencyInjection\src\Nethium.DependencyInjection.csproj", "{7A3C850B-D3CA-40E9-9D97-47CFD28A81CD}"
EndProject
Project("{9A19103F-16F7-4668-BE54-9A1E7A4F7556}") = "Nethium.Swagger", "src\Nethium.Swagger\src\Nethium.Swagger.csproj", "{3FB52BEA-BA9B-4E42-9F5D-B63552F979FD}"
EndProject
Project("{9A19103F-16F7-4668-BE54-9A1E7A4F7556}") = "Nethium.Abstraction", "src\Nethium.Abstraction\src\Nethium.Abstraction.csproj", "{C86CEFE5-2D98-4739-8677-C78503F0081A}"
EndProject
Project("{9A19103F-16F7-4668-BE54-9A1E7A4F7556}") = "Nethium.Authentication", "src\Nethium.Authentication\src\Nethium.Authentication.csproj", "{EB032F4E-83FB-4124-8FCE-38918B6FB4C3}"
EndProject
Project("{9A19103F-16F7-4668-BE54-9A1E7A4F7556}") = "Nethium.Core", "src\Nethium.Core\src\Nethium.Core.csproj", "{ECBD6C30-00F4-4B7D-854D-08ADBBF20389}"
EndProject
Project("{E53339B2-1760-4266-BCC7-CA923CBCF16C}") = "docker-compose", "test\DockerCompose\docker-compose.dcproj", "{BFAD6892-D813-45EF-9355-EDD4C3C16E1E}"
EndProject
Project("{9A19103F-16F7-4668-BE54-9A1E7A4F7556}") = "Nethium.Configuration", "src\Nethium.Configuration\src\Nethium.Configuration.csproj", "{13DC9E2F-5C18-4011-99C3-3AD55F9C2758}"
EndProject
Project("{9A19103F-16F7-4668-BE54-9A1E7A4F7556}") = "Nethium.Demo.Web", "test\Nethium.Demo.Web\Nethium.Demo.Web.csproj", "{83D06A58-5454-4A6E-8F67-433F30CD9357}"
EndProject
Project("{2150E333-8FDC-42A3-9474-1A3956D46DE8}") = "solution items", "solution items", "{8D65D160-5EC3-4F7F-92E6-1DBE5E683648}"
	ProjectSection(SolutionItems) = preProject
		.gitignore = .gitignore
		CODE_OF_CONDUCT.md = CODE_OF_CONDUCT.md
		dockerize-linux-amd64-v0.6.1.tar.gz = dockerize-linux-amd64-v0.6.1.tar.gz
		LICENSE = LICENSE
		Nethium.sln.DotSettings = Nethium.sln.DotSettings
		README.md = README.md
	EndProjectSection
EndProject
Project("{2150E333-8FDC-42A3-9474-1A3956D46DE8}") = "demo", "demo", "{6006CEB2-68CB-4195-8D96-B163DD09E0A8}"
EndProject
Project("{9A19103F-16F7-4668-BE54-9A1E7A4F7556}") = "Nethium.Demo.Abstraction", "test\Nethium.Demo.Abstraction\Nethium.Demo.Abstraction.csproj", "{1E1783BE-C030-48D3-855B-50ACA4E782A9}"
EndProject
Project("{9A19103F-16F7-4668-BE54-9A1E7A4F7556}") = "Nethium.Demo.Stub", "test\Nethium.Demo.Stub\Nethium.Demo.Stub.csproj", "{2D3D2011-C83D-477C-AFC9-C357470553DA}"
EndProject
Project("{9A19103F-16F7-4668-BE54-9A1E7A4F7556}") = "Nethium.Demo.Service.Store", "test\Nethium.Demo.Service.Store\Nethium.Demo.Service.Store.csproj", "{C494E4E7-8EA0-4C2E-9BF0-C7F87F89C44E}"
EndProject
Project("{9A19103F-16F7-4668-BE54-9A1E7A4F7556}") = "Nethium.Configuration.Test", "src\Nethium.Configuration\test\Nethium.Configuration.Test.csproj", "{4DF84044-892C-4BC1-9030-E4B947F34F29}"
EndProject
Project("{9A19103F-16F7-4668-BE54-9A1E7A4F7556}") = "Nethium.Swagger.Test", "src\Nethium.Swagger\test\Nethium.Swagger.Test.csproj", "{B7B64018-8A8B-46C5-AB7E-640CCC0AAF7C}"
EndProject
Project("{9A19103F-16F7-4668-BE54-9A1E7A4F7556}") = "Nethium.ServiceDiscovery.Test", "src\Nethium.ServiceDiscovery\test\Nethium.ServiceDiscovery.Test.csproj", "{A0218FA6-E843-40E2-B9CD-B284AC14F1B2}"
EndProject
Project("{9A19103F-16F7-4668-BE54-9A1E7A4F7556}") = "Nethium.Authentication.Test", "src\Nethium.Authentication\test\Nethium.Authentication.Test.csproj", "{49060C91-20AF-491D-8C69-5BCB8FE56197}"
EndProject
Project("{9A19103F-16F7-4668-BE54-9A1E7A4F7556}") = "Nethium.Demo.Service.Calc", "test\Nethium.Demo.Service.Calc\Nethium.Demo.Service.Calc.csproj", "{A3717B9F-752B-4D31-A1C3-E564A203AD18}"
EndProject
Project("{9A19103F-16F7-4668-BE54-9A1E7A4F7556}") = "Nethium.Demo.Service.ToRoman", "test\Nethium.Demo.Service.ToRoman\Nethium.Demo.Service.ToRoman.csproj", "{D56DC3F9-87DB-41BB-863F-9F8A720C6BCE}"
EndProject
Project("{9A19103F-16F7-4668-BE54-9A1E7A4F7556}") = "Nethium.Demo.Service.CalcToRoman", "test\Nethium.Demo.Service.CalcToRoman\Nethium.Demo.Service.CalcToRoman.csproj", "{AB4771A2-5C9E-4FF0-A97B-15BF7CD6099E}"
EndProject
Project("{9A19103F-16F7-4668-BE54-9A1E7A4F7556}") = "Nethium.Demo.Service.Aggregate", "test\Nethium.Demo.Service.Aggregate\Nethium.Demo.Service.Aggregate.csproj", "{E0839EAA-7996-4BA6-8942-C2ECD075B797}"
EndProject
Project("{9A19103F-16F7-4668-BE54-9A1E7A4F7556}") = "Nethium.Demo.Web2", "test\Nethium.Demo.Web2\Nethium.Demo.Web2.csproj", "{C3EC4A3C-40F8-40AF-82D5-E0A8A7D3AFF8}"
EndProject
Project("{9A19103F-16F7-4668-BE54-9A1E7A4F7556}") = "Nethium.Demo.Web3", "test\Nethium.Demo.Web3\Nethium.Demo.Web3.csproj", "{192C8021-85B2-4F3B-AD63-6CA67CB45D5B}"
EndProject
Global
	GlobalSection(SolutionConfigurationPlatforms) = preSolution
		Debug|Any CPU = Debug|Any CPU
		Release|Any CPU = Release|Any CPU
	EndGlobalSection
	GlobalSection(ProjectConfigurationPlatforms) = postSolution
		{F02BEC12-5E1B-4C75-BA0B-59032CA131CC}.Debug|Any CPU.ActiveCfg = Debug|Any CPU
		{F02BEC12-5E1B-4C75-BA0B-59032CA131CC}.Debug|Any CPU.Build.0 = Debug|Any CPU
		{F02BEC12-5E1B-4C75-BA0B-59032CA131CC}.Release|Any CPU.ActiveCfg = Release|Any CPU
		{F02BEC12-5E1B-4C75-BA0B-59032CA131CC}.Release|Any CPU.Build.0 = Release|Any CPU
		{667C61E7-99CA-4D07-8AF9-FCFA8B0D6DEC}.Debug|Any CPU.ActiveCfg = Debug|Any CPU
		{667C61E7-99CA-4D07-8AF9-FCFA8B0D6DEC}.Debug|Any CPU.Build.0 = Debug|Any CPU
		{667C61E7-99CA-4D07-8AF9-FCFA8B0D6DEC}.Release|Any CPU.ActiveCfg = Release|Any CPU
		{667C61E7-99CA-4D07-8AF9-FCFA8B0D6DEC}.Release|Any CPU.Build.0 = Release|Any CPU
		{52CC618C-D5BE-4ED3-8E15-0FB8289E67C4}.Debug|Any CPU.ActiveCfg = Debug|Any CPU
		{52CC618C-D5BE-4ED3-8E15-0FB8289E67C4}.Debug|Any CPU.Build.0 = Debug|Any CPU
		{52CC618C-D5BE-4ED3-8E15-0FB8289E67C4}.Release|Any CPU.ActiveCfg = Release|Any CPU
		{52CC618C-D5BE-4ED3-8E15-0FB8289E67C4}.Release|Any CPU.Build.0 = Release|Any CPU
		{7A3C850B-D3CA-40E9-9D97-47CFD28A81CD}.Debug|Any CPU.ActiveCfg = Debug|Any CPU
		{7A3C850B-D3CA-40E9-9D97-47CFD28A81CD}.Debug|Any CPU.Build.0 = Debug|Any CPU
		{7A3C850B-D3CA-40E9-9D97-47CFD28A81CD}.Release|Any CPU.ActiveCfg = Release|Any CPU
		{7A3C850B-D3CA-40E9-9D97-47CFD28A81CD}.Release|Any CPU.Build.0 = Release|Any CPU
		{3FB52BEA-BA9B-4E42-9F5D-B63552F979FD}.Debug|Any CPU.ActiveCfg = Debug|Any CPU
		{3FB52BEA-BA9B-4E42-9F5D-B63552F979FD}.Debug|Any CPU.Build.0 = Debug|Any CPU
		{3FB52BEA-BA9B-4E42-9F5D-B63552F979FD}.Release|Any CPU.ActiveCfg = Release|Any CPU
		{3FB52BEA-BA9B-4E42-9F5D-B63552F979FD}.Release|Any CPU.Build.0 = Release|Any CPU
		{C86CEFE5-2D98-4739-8677-C78503F0081A}.Debug|Any CPU.ActiveCfg = Debug|Any CPU
		{C86CEFE5-2D98-4739-8677-C78503F0081A}.Debug|Any CPU.Build.0 = Debug|Any CPU
		{C86CEFE5-2D98-4739-8677-C78503F0081A}.Release|Any CPU.ActiveCfg = Release|Any CPU
		{C86CEFE5-2D98-4739-8677-C78503F0081A}.Release|Any CPU.Build.0 = Release|Any CPU
		{EB032F4E-83FB-4124-8FCE-38918B6FB4C3}.Debug|Any CPU.ActiveCfg = Debug|Any CPU
		{EB032F4E-83FB-4124-8FCE-38918B6FB4C3}.Debug|Any CPU.Build.0 = Debug|Any CPU
		{EB032F4E-83FB-4124-8FCE-38918B6FB4C3}.Release|Any CPU.ActiveCfg = Release|Any CPU
		{EB032F4E-83FB-4124-8FCE-38918B6FB4C3}.Release|Any CPU.Build.0 = Release|Any CPU
		{ECBD6C30-00F4-4B7D-854D-08ADBBF20389}.Debug|Any CPU.ActiveCfg = Debug|Any CPU
		{ECBD6C30-00F4-4B7D-854D-08ADBBF20389}.Debug|Any CPU.Build.0 = Debug|Any CPU
		{ECBD6C30-00F4-4B7D-854D-08ADBBF20389}.Release|Any CPU.ActiveCfg = Release|Any CPU
		{ECBD6C30-00F4-4B7D-854D-08ADBBF20389}.Release|Any CPU.Build.0 = Release|Any CPU
		{BFAD6892-D813-45EF-9355-EDD4C3C16E1E}.Debug|Any CPU.ActiveCfg = Debug|Any CPU
		{BFAD6892-D813-45EF-9355-EDD4C3C16E1E}.Debug|Any CPU.Build.0 = Debug|Any CPU
		{BFAD6892-D813-45EF-9355-EDD4C3C16E1E}.Release|Any CPU.ActiveCfg = Release|Any CPU
		{BFAD6892-D813-45EF-9355-EDD4C3C16E1E}.Release|Any CPU.Build.0 = Release|Any CPU
		{13DC9E2F-5C18-4011-99C3-3AD55F9C2758}.Debug|Any CPU.ActiveCfg = Debug|Any CPU
		{13DC9E2F-5C18-4011-99C3-3AD55F9C2758}.Debug|Any CPU.Build.0 = Debug|Any CPU
		{13DC9E2F-5C18-4011-99C3-3AD55F9C2758}.Release|Any CPU.ActiveCfg = Release|Any CPU
		{13DC9E2F-5C18-4011-99C3-3AD55F9C2758}.Release|Any CPU.Build.0 = Release|Any CPU
		{83D06A58-5454-4A6E-8F67-433F30CD9357}.Debug|Any CPU.ActiveCfg = Debug|Any CPU
		{83D06A58-5454-4A6E-8F67-433F30CD9357}.Debug|Any CPU.Build.0 = Debug|Any CPU
		{83D06A58-5454-4A6E-8F67-433F30CD9357}.Release|Any CPU.ActiveCfg = Release|Any CPU
		{83D06A58-5454-4A6E-8F67-433F30CD9357}.Release|Any CPU.Build.0 = Release|Any CPU
		{1E1783BE-C030-48D3-855B-50ACA4E782A9}.Debug|Any CPU.ActiveCfg = Debug|Any CPU
		{1E1783BE-C030-48D3-855B-50ACA4E782A9}.Debug|Any CPU.Build.0 = Debug|Any CPU
		{1E1783BE-C030-48D3-855B-50ACA4E782A9}.Release|Any CPU.ActiveCfg = Release|Any CPU
		{1E1783BE-C030-48D3-855B-50ACA4E782A9}.Release|Any CPU.Build.0 = Release|Any CPU
		{2D3D2011-C83D-477C-AFC9-C357470553DA}.Debug|Any CPU.ActiveCfg = Debug|Any CPU
		{2D3D2011-C83D-477C-AFC9-C357470553DA}.Debug|Any CPU.Build.0 = Debug|Any CPU
		{2D3D2011-C83D-477C-AFC9-C357470553DA}.Release|Any CPU.ActiveCfg = Release|Any CPU
		{2D3D2011-C83D-477C-AFC9-C357470553DA}.Release|Any CPU.Build.0 = Release|Any CPU
		{C494E4E7-8EA0-4C2E-9BF0-C7F87F89C44E}.Debug|Any CPU.ActiveCfg = Debug|Any CPU
		{C494E4E7-8EA0-4C2E-9BF0-C7F87F89C44E}.Debug|Any CPU.Build.0 = Debug|Any CPU
		{C494E4E7-8EA0-4C2E-9BF0-C7F87F89C44E}.Release|Any CPU.ActiveCfg = Release|Any CPU
		{C494E4E7-8EA0-4C2E-9BF0-C7F87F89C44E}.Release|Any CPU.Build.0 = Release|Any CPU
		{4DF84044-892C-4BC1-9030-E4B947F34F29}.Debug|Any CPU.ActiveCfg = Debug|Any CPU
		{4DF84044-892C-4BC1-9030-E4B947F34F29}.Debug|Any CPU.Build.0 = Debug|Any CPU
		{4DF84044-892C-4BC1-9030-E4B947F34F29}.Release|Any CPU.ActiveCfg = Release|Any CPU
		{4DF84044-892C-4BC1-9030-E4B947F34F29}.Release|Any CPU.Build.0 = Release|Any CPU
		{B7B64018-8A8B-46C5-AB7E-640CCC0AAF7C}.Debug|Any CPU.ActiveCfg = Debug|Any CPU
		{B7B64018-8A8B-46C5-AB7E-640CCC0AAF7C}.Debug|Any CPU.Build.0 = Debug|Any CPU
		{B7B64018-8A8B-46C5-AB7E-640CCC0AAF7C}.Release|Any CPU.ActiveCfg = Release|Any CPU
		{B7B64018-8A8B-46C5-AB7E-640CCC0AAF7C}.Release|Any CPU.Build.0 = Release|Any CPU
		{A0218FA6-E843-40E2-B9CD-B284AC14F1B2}.Debug|Any CPU.ActiveCfg = Debug|Any CPU
		{A0218FA6-E843-40E2-B9CD-B284AC14F1B2}.Debug|Any CPU.Build.0 = Debug|Any CPU
		{A0218FA6-E843-40E2-B9CD-B284AC14F1B2}.Release|Any CPU.ActiveCfg = Release|Any CPU
		{A0218FA6-E843-40E2-B9CD-B284AC14F1B2}.Release|Any CPU.Build.0 = Release|Any CPU
		{49060C91-20AF-491D-8C69-5BCB8FE56197}.Debug|Any CPU.ActiveCfg = Debug|Any CPU
		{49060C91-20AF-491D-8C69-5BCB8FE56197}.Debug|Any CPU.Build.0 = Debug|Any CPU
		{49060C91-20AF-491D-8C69-5BCB8FE56197}.Release|Any CPU.ActiveCfg = Release|Any CPU
		{49060C91-20AF-491D-8C69-5BCB8FE56197}.Release|Any CPU.Build.0 = Release|Any CPU
		{A3717B9F-752B-4D31-A1C3-E564A203AD18}.Debug|Any CPU.ActiveCfg = Debug|Any CPU
		{A3717B9F-752B-4D31-A1C3-E564A203AD18}.Debug|Any CPU.Build.0 = Debug|Any CPU
		{A3717B9F-752B-4D31-A1C3-E564A203AD18}.Release|Any CPU.ActiveCfg = Release|Any CPU
		{A3717B9F-752B-4D31-A1C3-E564A203AD18}.Release|Any CPU.Build.0 = Release|Any CPU
		{D56DC3F9-87DB-41BB-863F-9F8A720C6BCE}.Debug|Any CPU.ActiveCfg = Debug|Any CPU
		{D56DC3F9-87DB-41BB-863F-9F8A720C6BCE}.Debug|Any CPU.Build.0 = Debug|Any CPU
		{D56DC3F9-87DB-41BB-863F-9F8A720C6BCE}.Release|Any CPU.ActiveCfg = Release|Any CPU
		{D56DC3F9-87DB-41BB-863F-9F8A720C6BCE}.Release|Any CPU.Build.0 = Release|Any CPU
		{AB4771A2-5C9E-4FF0-A97B-15BF7CD6099E}.Debug|Any CPU.ActiveCfg = Debug|Any CPU
		{AB4771A2-5C9E-4FF0-A97B-15BF7CD6099E}.Debug|Any CPU.Build.0 = Debug|Any CPU
		{AB4771A2-5C9E-4FF0-A97B-15BF7CD6099E}.Release|Any CPU.ActiveCfg = Release|Any CPU
		{AB4771A2-5C9E-4FF0-A97B-15BF7CD6099E}.Release|Any CPU.Build.0 = Release|Any CPU
		{E0839EAA-7996-4BA6-8942-C2ECD075B797}.Debug|Any CPU.ActiveCfg = Debug|Any CPU
		{E0839EAA-7996-4BA6-8942-C2ECD075B797}.Debug|Any CPU.Build.0 = Debug|Any CPU
		{E0839EAA-7996-4BA6-8942-C2ECD075B797}.Release|Any CPU.ActiveCfg = Release|Any CPU
		{E0839EAA-7996-4BA6-8942-C2ECD075B797}.Release|Any CPU.Build.0 = Release|Any CPU
		{C3EC4A3C-40F8-40AF-82D5-E0A8A7D3AFF8}.Debug|Any CPU.ActiveCfg = Debug|Any CPU
		{C3EC4A3C-40F8-40AF-82D5-E0A8A7D3AFF8}.Debug|Any CPU.Build.0 = Debug|Any CPU
		{C3EC4A3C-40F8-40AF-82D5-E0A8A7D3AFF8}.Release|Any CPU.ActiveCfg = Release|Any CPU
		{C3EC4A3C-40F8-40AF-82D5-E0A8A7D3AFF8}.Release|Any CPU.Build.0 = Release|Any CPU
		{192C8021-85B2-4F3B-AD63-6CA67CB45D5B}.Debug|Any CPU.ActiveCfg = Debug|Any CPU
		{192C8021-85B2-4F3B-AD63-6CA67CB45D5B}.Debug|Any CPU.Build.0 = Debug|Any CPU
		{192C8021-85B2-4F3B-AD63-6CA67CB45D5B}.Release|Any CPU.ActiveCfg = Release|Any CPU
		{192C8021-85B2-4F3B-AD63-6CA67CB45D5B}.Release|Any CPU.Build.0 = Release|Any CPU
	EndGlobalSection
	GlobalSection(SolutionProperties) = preSolution
		HideSolutionNode = FALSE
	EndGlobalSection
	GlobalSection(NestedProjects) = preSolution
		{F02BEC12-5E1B-4C75-BA0B-59032CA131CC} = {9758B246-8476-42A6-A1B0-93EFF999D508}
		{667C61E7-99CA-4D07-8AF9-FCFA8B0D6DEC} = {E6EC28DB-98FD-4A39-9E9D-DBF4790612C6}
		{52CC618C-D5BE-4ED3-8E15-0FB8289E67C4} = {9758B246-8476-42A6-A1B0-93EFF999D508}
		{7A3C850B-D3CA-40E9-9D97-47CFD28A81CD} = {9758B246-8476-42A6-A1B0-93EFF999D508}
		{3FB52BEA-BA9B-4E42-9F5D-B63552F979FD} = {9758B246-8476-42A6-A1B0-93EFF999D508}
		{C86CEFE5-2D98-4739-8677-C78503F0081A} = {9758B246-8476-42A6-A1B0-93EFF999D508}
		{EB032F4E-83FB-4124-8FCE-38918B6FB4C3} = {9758B246-8476-42A6-A1B0-93EFF999D508}
		{ECBD6C30-00F4-4B7D-854D-08ADBBF20389} = {9758B246-8476-42A6-A1B0-93EFF999D508}
		{BFAD6892-D813-45EF-9355-EDD4C3C16E1E} = {6006CEB2-68CB-4195-8D96-B163DD09E0A8}
		{13DC9E2F-5C18-4011-99C3-3AD55F9C2758} = {9758B246-8476-42A6-A1B0-93EFF999D508}
		{83D06A58-5454-4A6E-8F67-433F30CD9357} = {6006CEB2-68CB-4195-8D96-B163DD09E0A8}
		{6006CEB2-68CB-4195-8D96-B163DD09E0A8} = {E6EC28DB-98FD-4A39-9E9D-DBF4790612C6}
		{1E1783BE-C030-48D3-855B-50ACA4E782A9} = {6006CEB2-68CB-4195-8D96-B163DD09E0A8}
		{2D3D2011-C83D-477C-AFC9-C357470553DA} = {6006CEB2-68CB-4195-8D96-B163DD09E0A8}
		{C494E4E7-8EA0-4C2E-9BF0-C7F87F89C44E} = {6006CEB2-68CB-4195-8D96-B163DD09E0A8}
		{4DF84044-892C-4BC1-9030-E4B947F34F29} = {E6EC28DB-98FD-4A39-9E9D-DBF4790612C6}
		{B7B64018-8A8B-46C5-AB7E-640CCC0AAF7C} = {E6EC28DB-98FD-4A39-9E9D-DBF4790612C6}
		{A0218FA6-E843-40E2-B9CD-B284AC14F1B2} = {E6EC28DB-98FD-4A39-9E9D-DBF4790612C6}
		{49060C91-20AF-491D-8C69-5BCB8FE56197} = {E6EC28DB-98FD-4A39-9E9D-DBF4790612C6}
		{A3717B9F-752B-4D31-A1C3-E564A203AD18} = {6006CEB2-68CB-4195-8D96-B163DD09E0A8}
		{D56DC3F9-87DB-41BB-863F-9F8A720C6BCE} = {6006CEB2-68CB-4195-8D96-B163DD09E0A8}
		{AB4771A2-5C9E-4FF0-A97B-15BF7CD6099E} = {6006CEB2-68CB-4195-8D96-B163DD09E0A8}
		{E0839EAA-7996-4BA6-8942-C2ECD075B797} = {6006CEB2-68CB-4195-8D96-B163DD09E0A8}
		{C3EC4A3C-40F8-40AF-82D5-E0A8A7D3AFF8} = {6006CEB2-68CB-4195-8D96-B163DD09E0A8}
		{192C8021-85B2-4F3B-AD63-6CA67CB45D5B} = {6006CEB2-68CB-4195-8D96-B163DD09E0A8}
	EndGlobalSection
	GlobalSection(ExtensibilityGlobals) = postSolution
		SolutionGuid = {49EEF654-A100-4FA3-AB9A-68B88FDB9F02}
	EndGlobalSection
EndGlobal
